
Microsoft Visual Studio Solution File, Format Version 12.00
# Visual Studio Version 17
VisualStudioVersion = 17.13.35931.197 d17.13
MinimumVisualStudioVersion = 10.0.40219.1
Project("{FAE04EC0-301F-11D3-BF4B-00C04F79EFBC}") = "ToolBox_19_5_25", "ToolBox_19_5_25\ToolBox_19_5_25.csproj", "{D53BFBC4-0356-4182-8120-16AF8717CAA0}"
EndProject
Global
	GlobalSection(SolutionConfigurationPlatforms) = preSolution
		Debug|Any CPU = Debug|Any CPU
		Release|Any CPU = Release|Any CPU
	EndGlobalSection
	GlobalSection(ProjectConfigurationPlatforms) = postSolution
		{D53BFBC4-0356-4182-8120-16AF8717CAA0}.Debug|Any CPU.ActiveCfg = Debug|Any CPU
		{D53BFBC4-0356-4182-8120-16AF8717CAA0}.Debug|Any CPU.Build.0 = Debug|Any CPU
		{D53BFBC4-0356-4182-8120-16AF8717CAA0}.Release|Any CPU.ActiveCfg = Release|Any CPU
		{D53BFBC4-0356-4182-8120-16AF8717CAA0}.Release|Any CPU.Build.0 = Release|Any CPU
	EndGlobalSection
	GlobalSection(SolutionProperties) = preSolution
		HideSolutionNode = FALSE
	EndGlobalSection
	GlobalSection(ExtensibilityGlobals) = postSolution
		SolutionGuid = {617A4D82-3BE8-44C6-A2E1-E88390B0809A}
	EndGlobalSection
EndGlobal
